
Microsoft Visual Studio Solution File, Format Version 12.00
# Visual Studio Version 17
VisualStudioVersion = 17.6.33723.286
MinimumVisualStudioVersion = 10.0.40219.1
Project("{2150E333-8FDC-42A3-9474-1A3956D46DE8}") = "Solution Items", "Solution Items", "{BE5E83F5-BD0D-4BE6-98F7-0C0E63723079}"
	ProjectSection(SolutionItems) = preProject
		LICENSE = LICENSE
		README.md = README.md
	EndProjectSection
EndProject
Project("{9A19103F-16F7-4668-BE54-9A1E7A4F7556}") = "WeakDelegates", "WeakDelegates\WeakDelegates.csproj", "{28006B11-6F79-4598-93AA-47ED4FEC7A2E}"
EndProject
Project("{9A19103F-16F7-4668-BE54-9A1E7A4F7556}") = "WeakTest", "WeakTest\WeakTest.csproj", "{9FADA444-F352-4B89-9C44-1C5445A81BCD}"
EndProject
Global
	GlobalSection(SolutionConfigurationPlatforms) = preSolution
		Debug|Any CPU = Debug|Any CPU
		Release|Any CPU = Release|Any CPU
	EndGlobalSection
	GlobalSection(ProjectConfigurationPlatforms) = postSolution
		{28006B11-6F79-4598-93AA-47ED4FEC7A2E}.Debug|Any CPU.ActiveCfg = Debug|Any CPU
		{28006B11-6F79-4598-93AA-47ED4FEC7A2E}.Debug|Any CPU.Build.0 = Debug|Any CPU
		{28006B11-6F79-4598-93AA-47ED4FEC7A2E}.Release|Any CPU.ActiveCfg = Release|Any CPU
		{28006B11-6F79-4598-93AA-47ED4FEC7A2E}.Release|Any CPU.Build.0 = Release|Any CPU
		{9FADA444-F352-4B89-9C44-1C5445A81BCD}.Debug|Any CPU.ActiveCfg = Debug|Any CPU
		{9FADA444-F352-4B89-9C44-1C5445A81BCD}.Debug|Any CPU.Build.0 = Debug|Any CPU
		{9FADA444-F352-4B89-9C44-1C5445A81BCD}.Release|Any CPU.ActiveCfg = Release|Any CPU
		{9FADA444-F352-4B89-9C44-1C5445A81BCD}.Release|Any CPU.Build.0 = Release|Any CPU
	EndGlobalSection
	GlobalSection(SolutionProperties) = preSolution
		HideSolutionNode = FALSE
	EndGlobalSection
	GlobalSection(ExtensibilityGlobals) = postSolution
		SolutionGuid = {BA31057D-A0FC-44ED-AFC5-E9066211CF1C}
	EndGlobalSection
EndGlobal
