
Microsoft Visual Studio Solution File, Format Version 12.00
# Visual Studio 15
VisualStudioVersion = 15.0.28307.329
MinimumVisualStudioVersion = 10.0.40219.1
Project("{FAE04EC0-301F-11D3-BF4B-00C04F79EFBC}") = "WeakDelegates", "WeakDelegates\WeakDelegates.csproj", "{B16BDBBD-9AAC-49CE-B11D-B0239FE8C0B1}"
EndProject
Project("{FAE04EC0-301F-11D3-BF4B-00C04F79EFBC}") = "WeakTest", "WeakTest\WeakTest.csproj", "{D655E497-28A7-47B1-8B26-BB51A70B3133}"
EndProject
Project("{2150E333-8FDC-42A3-9474-1A3956D46DE8}") = "Solution Items", "Solution Items", "{BE5E83F5-BD0D-4BE6-98F7-0C0E63723079}"
	ProjectSection(SolutionItems) = preProject
		LICENSE = LICENSE
		README.md = README.md
	EndProjectSection
EndProject
Project("{FAE04EC0-301F-11D3-BF4B-00C04F79EFBC}") = "WeakDelegates.Standard", "WeakDelegates.Standard\WeakDelegates.Standard.csproj", "{F4648591-D371-4DED-B965-BBD52E6A9515}"
EndProject
Global
	GlobalSection(SolutionConfigurationPlatforms) = preSolution
		Debug|Any CPU = Debug|Any CPU
		Release|Any CPU = Release|Any CPU
	EndGlobalSection
	GlobalSection(ProjectConfigurationPlatforms) = postSolution
		{B16BDBBD-9AAC-49CE-B11D-B0239FE8C0B1}.Debug|Any CPU.ActiveCfg = Debug|Any CPU
		{B16BDBBD-9AAC-49CE-B11D-B0239FE8C0B1}.Debug|Any CPU.Build.0 = Debug|Any CPU
		{B16BDBBD-9AAC-49CE-B11D-B0239FE8C0B1}.Release|Any CPU.ActiveCfg = Release|Any CPU
		{B16BDBBD-9AAC-49CE-B11D-B0239FE8C0B1}.Release|Any CPU.Build.0 = Release|Any CPU
		{D655E497-28A7-47B1-8B26-BB51A70B3133}.Debug|Any CPU.ActiveCfg = Debug|Any CPU
		{D655E497-28A7-47B1-8B26-BB51A70B3133}.Debug|Any CPU.Build.0 = Debug|Any CPU
		{D655E497-28A7-47B1-8B26-BB51A70B3133}.Release|Any CPU.ActiveCfg = Release|Any CPU
		{D655E497-28A7-47B1-8B26-BB51A70B3133}.Release|Any CPU.Build.0 = Release|Any CPU
		{F4648591-D371-4DED-B965-BBD52E6A9515}.Debug|Any CPU.ActiveCfg = Debug|Any CPU
		{F4648591-D371-4DED-B965-BBD52E6A9515}.Debug|Any CPU.Build.0 = Debug|Any CPU
		{F4648591-D371-4DED-B965-BBD52E6A9515}.Release|Any CPU.ActiveCfg = Release|Any CPU
		{F4648591-D371-4DED-B965-BBD52E6A9515}.Release|Any CPU.Build.0 = Release|Any CPU
	EndGlobalSection
	GlobalSection(SolutionProperties) = preSolution
		HideSolutionNode = FALSE
	EndGlobalSection
	GlobalSection(ExtensibilityGlobals) = postSolution
		SolutionGuid = {BA31057D-A0FC-44ED-AFC5-E9066211CF1C}
	EndGlobalSection
EndGlobal
